
Microsoft Visual Studio Solution File, Format Version 12.00
# Visual Studio 15
VisualStudioVersion = 15.0.27703.2042
MinimumVisualStudioVersion = 10.0.40219.1
Project("{FAE04EC0-301F-11D3-BF4B-00C04F79EFBC}") = "ControlWork", "Registration\ControlWork.csproj", "{6E48AEE6-0780-4E8F-83F6-4DD4B6BEAC64}"
EndProject
Global
	GlobalSection(SolutionConfigurationPlatforms) = preSolution
		Debug|Any CPU = Debug|Any CPU
		Release|Any CPU = Release|Any CPU
	EndGlobalSection
	GlobalSection(ProjectConfigurationPlatforms) = postSolution
		{6E48AEE6-0780-4E8F-83F6-4DD4B6BEAC64}.Debug|Any CPU.ActiveCfg = Debug|Any CPU
		{6E48AEE6-0780-4E8F-83F6-4DD4B6BEAC64}.Debug|Any CPU.Build.0 = Debug|Any CPU
		{6E48AEE6-0780-4E8F-83F6-4DD4B6BEAC64}.Release|Any CPU.ActiveCfg = Release|Any CPU
		{6E48AEE6-0780-4E8F-83F6-4DD4B6BEAC64}.Release|Any CPU.Build.0 = Release|Any CPU
	EndGlobalSection
	GlobalSection(SolutionProperties) = preSolution
		HideSolutionNode = FALSE
	EndGlobalSection
	GlobalSection(ExtensibilityGlobals) = postSolution
		SolutionGuid = {943C5462-CFAC-421D-960B-10E8D8473E8B}
	EndGlobalSection
EndGlobal
